{
    "_meta": {
        "hash": {
            "sha256": "62447240eb50adbad9a7ec2199772853a2f26917d387b754fb37728c8c383fbe"
        },
        "pipfile-spec": 6,
        "requires": {
            "python_version": "3.6"
        },
        "sources": [
            {
                "name": "pypi",
                "url": "https://pypi.org/simple",
                "verify_ssl": true
            }
        ]
    },
    "default": {
        "certifi": {
            "hashes": [
                "sha256:13e698f54293db9f89122b0581843a782ad0934a4fe0172d2a980ba77fc61bb7",
                "sha256:9fa520c1bacfb634fa7af20a76bcbd3d5fb390481724c597da32c719a7dca4b0"
            ],
            "version": "==2018.4.16"
        },
        "click": {
            "hashes": [
                "sha256:29f99fc6125fbc931b758dc053b3114e55c77a6e4c6c3a2674a2dc986016381d",
                "sha256:f15516df478d5a56180fbf80e68f206010e6d160fc39fa508b65e035fd75130b"
            ],
            "version": "==6.7"
        },
        "future": {
            "hashes": [
                "sha256:e39ced1ab767b5936646cedba8bcce582398233d6a627067d4c6a454c90cfedb"
            ],
            "version": "==0.16.0"
        },
        "python-dotenv": {
            "hashes": [
                "sha256:4965ed170bf51c347a89820e8050655e9c25db3837db6602e906b6d850fad85c",
                "sha256:509736185257111613009974e666568a1b031b028b61b500ef1ab4ee780089d5"
            ],
            "index": "pypi",
            "version": "==0.8.2"
        },
        "python-quran-odoa": {
            "hashes": [
                "sha256:e50c26765fd88a9204a3129774b0f6ece03c955c4b8bc6635f7c1b60994635ac"
            ],
            "index": "pypi",
            "version": "==1.6"
        },
        "python-telegram-bot": {
            "hashes": [
                "sha256:725a28f77a04d056559015963a21eacf5d2d1f1722192237284828b7cc437465",
                "sha256:ca2f8a44ddef7271477e16f4986647fa90ef4df5b55a7953e53b9c9d2672f639"
            ],
            "index": "pypi",
            "version": "==10.1.0"
        },
        "redis": {
            "hashes": [
                "sha256:8a1900a9f2a0a44ecf6e8b5eb3e967a9909dfed219ad66df094f27f7d6f330fb",
                "sha256:a22ca993cea2962dbb588f9f30d0015ac4afcc45bee27d3978c0dbe9e97c6c0f"
            ],
            "version": "==2.10.6"
        },
        "rq": {
            "hashes": [
                "sha256:31a5f04d1410111617ae78756b86fc6b0cf300fe7445843ea3758b86d9f67bc5",
                "sha256:c1711bc43f298061166805763e6fa2353f03142e057e83f338d6e197a1be3157"
            ],
            "index": "pypi",
            "version": "==0.10.0"
        }
    },
    "develop": {}
}
